
Microsoft Visual Studio Solution File, Format Version 12.00
# Visual Studio 15
VisualStudioVersion = 15.0.26124.0
MinimumVisualStudioVersion = 15.0.26124.0
Project("{9A19103F-16F7-4668-BE54-9A1E7A4F7556}") = "SoftwarePioniere.Tools.EventStorePassword", "SoftwarePioniere.Tools.EventStorePassword\SoftwarePioniere.Tools.EventStorePassword.csproj", "{884F6CC7-0C89-4E46-8233-9EDA8EAD5DAA}"
EndProject
Project("{2150E333-8FDC-42A3-9474-1A3956D46DE8}") = "Solution Items", "Solution Items", "{24827D37-D84D-4EB5-AA62-305978528CD3}"
	ProjectSection(SolutionItems) = preProject
		README.md = README.md
	EndProjectSection
EndProject
Global
	GlobalSection(SolutionConfigurationPlatforms) = preSolution
		Debug|Any CPU = Debug|Any CPU
		Debug|x64 = Debug|x64
		Debug|x86 = Debug|x86
		Release|Any CPU = Release|Any CPU
		Release|x64 = Release|x64
		Release|x86 = Release|x86
	EndGlobalSection
	GlobalSection(ProjectConfigurationPlatforms) = postSolution
		{884F6CC7-0C89-4E46-8233-9EDA8EAD5DAA}.Debug|Any CPU.ActiveCfg = Debug|Any CPU
		{884F6CC7-0C89-4E46-8233-9EDA8EAD5DAA}.Debug|Any CPU.Build.0 = Debug|Any CPU
		{884F6CC7-0C89-4E46-8233-9EDA8EAD5DAA}.Debug|x64.ActiveCfg = Debug|Any CPU
		{884F6CC7-0C89-4E46-8233-9EDA8EAD5DAA}.Debug|x64.Build.0 = Debug|Any CPU
		{884F6CC7-0C89-4E46-8233-9EDA8EAD5DAA}.Debug|x86.ActiveCfg = Debug|Any CPU
		{884F6CC7-0C89-4E46-8233-9EDA8EAD5DAA}.Debug|x86.Build.0 = Debug|Any CPU
		{884F6CC7-0C89-4E46-8233-9EDA8EAD5DAA}.Release|Any CPU.ActiveCfg = Release|Any CPU
		{884F6CC7-0C89-4E46-8233-9EDA8EAD5DAA}.Release|Any CPU.Build.0 = Release|Any CPU
		{884F6CC7-0C89-4E46-8233-9EDA8EAD5DAA}.Release|x64.ActiveCfg = Release|Any CPU
		{884F6CC7-0C89-4E46-8233-9EDA8EAD5DAA}.Release|x64.Build.0 = Release|Any CPU
		{884F6CC7-0C89-4E46-8233-9EDA8EAD5DAA}.Release|x86.ActiveCfg = Release|Any CPU
		{884F6CC7-0C89-4E46-8233-9EDA8EAD5DAA}.Release|x86.Build.0 = Release|Any CPU
	EndGlobalSection
	GlobalSection(SolutionProperties) = preSolution
		HideSolutionNode = FALSE
	EndGlobalSection
	GlobalSection(ExtensibilityGlobals) = postSolution
		SolutionGuid = {36052E20-98F4-4AF1-B935-060D3E2AF7BA}
	EndGlobalSection
EndGlobal
